<?xml version="1.0" encoding="UTF-8" standalone="yes" ?>
<CodeBlocks_project_file>
	<FileVersion major="1" minor="6" />
	<Project>
		<Option title="PES_memtest" />
		<Option pch_mode="2" />
		<Option compiler="gcc" />
		<Build>
			<Target title="Debug">
				<Option output="bin/Debug/PES_memtest" prefix_auto="1" extension_auto="1" />
				<Option object_output="obj/Debug/" />
				<Option type="1" />
				<Option compiler="gcc" />
				<Compiler>
					<Add option="-g" />
				</Compiler>
			</Target>
			<Target title="Release">
				<Option output="bin/Release/PES_memtest" prefix_auto="1" extension_auto="1" />
				<Option object_output="obj/Release/" />
				<Option type="1" />
				<Option compiler="gcc" />
				<Compiler>
					<Add option="-O2" />
				</Compiler>
				<Linker>
					<Add option="-s" />
				</Linker>
			</Target>
		</Build>
		<Compiler>
			<Add option="-Wall" />
		</Compiler>
		<Unit filename="../../project1/FRDM/Makefile" />
		<Unit filename="../../project1/FRDM/allocate.c">
			<Option compilerVar="CC" />
		</Unit>
		<Unit filename="../../project1/FRDM/display.c">
			<Option compilerVar="CC" />
		</Unit>
		<Unit filename="../../project1/FRDM/free.c">
			<Option compilerVar="CC" />
		</Unit>
		<Unit filename="../../project1/FRDM/help.c">
			<Option compilerVar="CC" />
		</Unit>
		<Unit filename="../../project1/FRDM/invert.c">
			<Option compilerVar="CC" />
		</Unit>
		<Unit filename="../../project1/FRDM/memtest.c">
			<Option compilerVar="CC" />
		</Unit>
		<Unit filename="../../project1/FRDM/pattern.c">
			<Option compilerVar="CC" />
		</Unit>
		<Unit filename="../../project1/FRDM/test.txt" />
		<Unit filename="../../project1/FRDM/verify.c">
			<Option compilerVar="CC" />
		</Unit>
		<Unit filename="../../project1/FRDM/write.c">
			<Option compilerVar="CC" />
		</Unit>
		<Extensions>
			<code_completion />
			<debugger />
		</Extensions>
	</Project>
</CodeBlocks_project_file>
